
Microsoft Visual Studio Solution File, Format Version 12.00
# Visual Studio 15
VisualStudioVersion = 15.0.26124.0
MinimumVisualStudioVersion = 15.0.26124.0
Project("{2150E333-8FDC-42A3-9474-1A3956D46DE8}") = "src", "src", "{83D188E9-466A-4F5B-BD85-514D6010ACCA}"
EndProject
Project("{FAE04EC0-301F-11D3-BF4B-00C04F79EFBC}") = "FindSubstringInformHHMM", "src\FindSubstringInformHHMM\FindSubstringInformHHMM.csproj", "{954269B7-5F45-4EDB-85BF-19DDB2440323}"
EndProject
Global
	GlobalSection(SolutionConfigurationPlatforms) = preSolution
		Debug|Any CPU = Debug|Any CPU
		Debug|x64 = Debug|x64
		Debug|x86 = Debug|x86
		Release|Any CPU = Release|Any CPU
		Release|x64 = Release|x64
		Release|x86 = Release|x86
	EndGlobalSection
	GlobalSection(SolutionProperties) = preSolution
		HideSolutionNode = FALSE
	EndGlobalSection
	GlobalSection(ProjectConfigurationPlatforms) = postSolution
		{954269B7-5F45-4EDB-85BF-19DDB2440323}.Debug|Any CPU.ActiveCfg = Debug|Any CPU
		{954269B7-5F45-4EDB-85BF-19DDB2440323}.Debug|Any CPU.Build.0 = Debug|Any CPU
		{954269B7-5F45-4EDB-85BF-19DDB2440323}.Debug|x64.ActiveCfg = Debug|Any CPU
		{954269B7-5F45-4EDB-85BF-19DDB2440323}.Debug|x64.Build.0 = Debug|Any CPU
		{954269B7-5F45-4EDB-85BF-19DDB2440323}.Debug|x86.ActiveCfg = Debug|Any CPU
		{954269B7-5F45-4EDB-85BF-19DDB2440323}.Debug|x86.Build.0 = Debug|Any CPU
		{954269B7-5F45-4EDB-85BF-19DDB2440323}.Release|Any CPU.ActiveCfg = Release|Any CPU
		{954269B7-5F45-4EDB-85BF-19DDB2440323}.Release|Any CPU.Build.0 = Release|Any CPU
		{954269B7-5F45-4EDB-85BF-19DDB2440323}.Release|x64.ActiveCfg = Release|Any CPU
		{954269B7-5F45-4EDB-85BF-19DDB2440323}.Release|x64.Build.0 = Release|Any CPU
		{954269B7-5F45-4EDB-85BF-19DDB2440323}.Release|x86.ActiveCfg = Release|Any CPU
		{954269B7-5F45-4EDB-85BF-19DDB2440323}.Release|x86.Build.0 = Release|Any CPU
	EndGlobalSection
	GlobalSection(NestedProjects) = preSolution
		{954269B7-5F45-4EDB-85BF-19DDB2440323} = {83D188E9-466A-4F5B-BD85-514D6010ACCA}
	EndGlobalSection
EndGlobal
